
Microsoft Visual Studio Solution File, Format Version 12.00
# Visual Studio Version 17
VisualStudioVersion = 17.8.34511.84
MinimumVisualStudioVersion = 10.0.40219.1
Project("{9A19103F-16F7-4668-BE54-9A1E7A4F7556}") = "practica1", "practica1\practica1.csproj", "{4DA8E852-3501-40F0-B0A6-F11501AD1A60}"
EndProject
Global
	GlobalSection(SolutionConfigurationPlatforms) = preSolution
		Debug|Any CPU = Debug|Any CPU
		Release|Any CPU = Release|Any CPU
	EndGlobalSection
	GlobalSection(ProjectConfigurationPlatforms) = postSolution
		{4DA8E852-3501-40F0-B0A6-F11501AD1A60}.Debug|Any CPU.ActiveCfg = Debug|Any CPU
		{4DA8E852-3501-40F0-B0A6-F11501AD1A60}.Debug|Any CPU.Build.0 = Debug|Any CPU
		{4DA8E852-3501-40F0-B0A6-F11501AD1A60}.Debug|Any CPU.Deploy.0 = Debug|Any CPU
		{4DA8E852-3501-40F0-B0A6-F11501AD1A60}.Release|Any CPU.ActiveCfg = Release|Any CPU
		{4DA8E852-3501-40F0-B0A6-F11501AD1A60}.Release|Any CPU.Build.0 = Release|Any CPU
		{4DA8E852-3501-40F0-B0A6-F11501AD1A60}.Release|Any CPU.Deploy.0 = Release|Any CPU
	EndGlobalSection
	GlobalSection(SolutionProperties) = preSolution
		HideSolutionNode = FALSE
	EndGlobalSection
	GlobalSection(ExtensibilityGlobals) = postSolution
		SolutionGuid = {FCCC3434-2DA3-415A-B9D5-F0A82AEE665C}
	EndGlobalSection
EndGlobal
